
Microsoft Visual Studio Solution File, Format Version 12.00
# Visual Studio Version 17
VisualStudioVersion = 17.11.35327.3
MinimumVisualStudioVersion = 10.0.40219.1
Project("{FAE04EC0-301F-11D3-BF4B-00C04F79EFBC}") = "G10Exam_YarmukhamedovaN", "G10Exam_YarmukhamedovaN.csproj", "{A2C24733-36C9-4888-A806-2E108F09957B}"
EndProject
Global
	GlobalSection(SolutionConfigurationPlatforms) = preSolution
		Debug|Any CPU = Debug|Any CPU
		Release|Any CPU = Release|Any CPU
	EndGlobalSection
	GlobalSection(ProjectConfigurationPlatforms) = postSolution
		{A2C24733-36C9-4888-A806-2E108F09957B}.Debug|Any CPU.ActiveCfg = Debug|Any CPU
		{A2C24733-36C9-4888-A806-2E108F09957B}.Debug|Any CPU.Build.0 = Debug|Any CPU
		{A2C24733-36C9-4888-A806-2E108F09957B}.Release|Any CPU.ActiveCfg = Release|Any CPU
		{A2C24733-36C9-4888-A806-2E108F09957B}.Release|Any CPU.Build.0 = Release|Any CPU
	EndGlobalSection
	GlobalSection(SolutionProperties) = preSolution
		HideSolutionNode = FALSE
	EndGlobalSection
	GlobalSection(ExtensibilityGlobals) = postSolution
		SolutionGuid = {9997722D-05DE-47DC-BE4C-9AA659F3AF73}
	EndGlobalSection
EndGlobal
